# This file is generated by running "yarn install" inside your project.
# Manual changes might be lost - proceed with caution!

__metadata:
  version: 3

"@actions/core@npm:^1.1.3":
  version: 1.1.3
  resolution: "@actions/core@npm:1.1.3"
  checksum: 27e01b86b57540c3eca179a37e2045f8ba371edd3e5d13c4acf63adb2532d01981afb0e464a1ace7767a1e8b256aa1f9295bd5a3edba3c243048517d67bc3a8e
  languageName: node
  linkType: hard

"@actions/github@npm:^1.1.0":
  version: 1.1.0
  resolution: "@actions/github@npm:1.1.0"
  dependencies:
    "@octokit/graphql": "npm:^2.0.1"
    "@octokit/rest": "npm:^16.15.0"
  checksum: f5a7f29deed43f5dd9b1da7317b907d853b0558c9361360e6e049cb56fdc0710b3c3c37e9403ea4b7fa8dade8b8ef404f292a2b8eb75ad026c3b10a62c8d3dd7
  languageName: node
  linkType: hard

"@octokit/endpoint@npm:^5.1.0":
  version: 5.4.1
  resolution: "@octokit/endpoint@npm:5.4.1"
  dependencies:
    is-plain-object: "npm:^3.0.0"
    universal-user-agent: "npm:^4.0.0"
  checksum: a993a55c6df2fecab6b2e5a1c082010aac4f4f3af399c3b5ba343241074f3b719510f15c14a9e4fa3dc7f391b1e0f707818bb529b923f7ae797ea9dd55ab7f3b
  languageName: node
  linkType: hard

"@octokit/graphql@npm:^2.0.1":
  version: 2.1.3
  resolution: "@octokit/graphql@npm:2.1.3"
  dependencies:
    "@octokit/request": "npm:^5.0.0"
    universal-user-agent: "npm:^2.0.3"
  checksum: b45908a7d3ddd247227e09cb41f096a74f01651cdf9f681fcd5ecd349f022c1dd351a487c76dd99cb9cfaef9d3fc053d72c1a709831572f6c6a366446bd30beb
  languageName: node
  linkType: hard

"@octokit/request-error@npm:^1.0.1, @octokit/request-error@npm:^1.0.2":
  version: 1.0.4
  resolution: "@octokit/request-error@npm:1.0.4"
  dependencies:
    deprecation: "npm:^2.0.0"
    once: "npm:^1.4.0"
  checksum: 34e3588791f467227c6a0f6a89c0ae87d02215b3773a2fda90c3c2ade6e40f90382e9f46bc8f744085bae918a0db46f7e068c6430068096813b700f0177736dc
  languageName: node
  linkType: hard

"@octokit/request@npm:^5.0.0, @octokit/request@npm:^5.2.0":
  version: 5.2.1
  resolution: "@octokit/request@npm:5.2.1"
  dependencies:
    "@octokit/endpoint": "npm:^5.1.0"
    "@octokit/request-error": "npm:^1.0.1"
    deprecation: "npm:^2.0.0"
    is-plain-object: "npm:^3.0.0"
    node-fetch: "npm:^2.3.0"
    once: "npm:^1.4.0"
    universal-user-agent: "npm:^4.0.0"
  checksum: 070a9996d6742174e0e852d4ea0f6a6a83eb411d1891fe43f485a82545c1574a5ec243887fef91b69ee449a583bb2d411cffa0b4e0b361fdc60e93f3e181c4ac
  languageName: node
  linkType: hard

"@octokit/rest@npm:^16.15.0":
  version: 16.33.1
  resolution: "@octokit/rest@npm:16.33.1"
  dependencies:
    "@octokit/request": "npm:^5.2.0"
    "@octokit/request-error": "npm:^1.0.2"
    atob-lite: "npm:^2.0.0"
    before-after-hook: "npm:^2.0.0"
    btoa-lite: "npm:^1.0.0"
    deprecation: "npm:^2.0.0"
    lodash.get: "npm:^4.4.2"
    lodash.set: "npm:^4.3.2"
    lodash.uniq: "npm:^4.5.0"
    octokit-pagination-methods: "npm:^1.1.0"
    once: "npm:^1.4.0"
    universal-user-agent: "npm:^4.0.0"
  checksum: 6a004c593d2567c4edeabb2c664876e4ce923eb86354c9ce1433ee680291d9d92ea5ccfaf50e011542311c6899a81b07090e0653e774e66d5deda6685136724f
  languageName: node
  linkType: hard

"@types/node@npm:^12.7.12":
  version: 12.7.12
  resolution: "@types/node@npm:12.7.12"
  checksum: 4d89dd7b486b93f54f69c7295a9a86c83fe20cfcc06c5fb477d4da78b0fb34e49a0c4fdffd74b475e6e8be812133c9adfe95609d445821ad6eaa13d052c2b3f2
  languageName: node
  linkType: hard

"@yarnpkg/fslib@npm:2.0.0-rc.4":
  version: 2.0.0-rc.4
  resolution: "@yarnpkg/fslib@npm:2.0.0-rc.4"
  dependencies:
    "@yarnpkg/libzip": "npm:2.0.0-rc.3"
    tmp: "npm:^0.0.33"
  checksum: 704ac38b7f9359b9b234a975b9f9472fa0576312744a85d4952df79ed255fb4447cbd0ed593f592008ff092bf3f8244034b47f65d1ddb538eb99e54b613a891a
  languageName: node
  linkType: hard

"@yarnpkg/libzip@npm:2.0.0-rc.3":
  version: 2.0.0-rc.3
  resolution: "@yarnpkg/libzip@npm:2.0.0-rc.3"
  checksum: a6d26355ccee4e0fe477abcf95741eed9e741ff1727147fed22c0cb29bf2ae83f1191bb17083e30afd6bfb04c951b3e7ec30afcad01b12e70e178e0843e412a3
  languageName: node
  linkType: hard

"@yarnpkg/pnpify@npm:^2.0.0-rc.6":
  version: 2.0.0-rc.6
  resolution: "@yarnpkg/pnpify@npm:2.0.0-rc.6"
  dependencies:
    "@yarnpkg/fslib": "npm:2.0.0-rc.4"
    cross-spawn: "npm:^6.0.5"
  peerDependencies:
    eslint: "*"
    typescript: "*"
  peerDependenciesMeta:
    eslint:
      optional: true
    typescript:
      optional: true
  bin:
    pnpify: ./lib/cli.js
  checksum: a6c4b387e3c7fc346f3565267e66d82481dc2fe850e384a21fd42bdd72b4f8b24b6a7930d7904c589a84874b55be24d4ac95b9efc40cea9a1b27e166e3333d2a
  languageName: node
  linkType: hard

"arg@npm:^4.1.0":
  version: 4.1.1
  resolution: "arg@npm:4.1.1"
  checksum: f2a2c5520a4ba4840ae96894f29e8e56278808bb853e76cb6238a8566b5bfc934a7671813c5cc07fc80876af310582c79399e7bc5172ea536d260934c9afb7f7
  languageName: node
  linkType: hard

"atob-lite@npm:^2.0.0":
  version: 2.0.0
  resolution: "atob-lite@npm:2.0.0"
  checksum: 6e2aca17c4e752a14d724a3fe4be5f60d3affaa7a567d4902ef9d61c1179f57a973e3889387a5cb24447193ffc40046f6b09839d413cea932a2382d754d863f6
  languageName: node
  linkType: hard

"before-after-hook@npm:^2.0.0":
  version: 2.1.0
  resolution: "before-after-hook@npm:2.1.0"
  checksum: 8a04bb0100894153df515832caaefac3273ddbc389b90c638516ce2b7d547c0bfc3ca7f252e8d2877343816cac50c6e2b218f996bc04b38d72abd7b7f152d0c1
  languageName: node
  linkType: hard

"btoa-lite@npm:^1.0.0":
  version: 1.0.0
  resolution: "btoa-lite@npm:1.0.0"
  checksum: c9e9a2911d7decc200ef974102390ef582eec59bcaad0f4acdf34a42cb49ba0dcc499f3291a360d08d66b54263c86d333777625a8b71cc09818f7744da62183a
  languageName: node
  linkType: hard

"buffer-from@npm:^1.0.0":
  version: 1.1.1
  resolution: "buffer-from@npm:1.1.1"
  checksum: b34c802232998fe342f64398c6bfbcd74c7e3d8115513ccc1c932c8ea0e0a205293847bc69be4c32ed9388ca151f635b005019e0bddbd80a5df34da537d722d6
  languageName: node
  linkType: hard

"cross-spawn@npm:^6.0.0, cross-spawn@npm:^6.0.5":
  version: 6.0.5
  resolution: "cross-spawn@npm:6.0.5"
  dependencies:
    nice-try: "npm:^1.0.4"
    path-key: "npm:^2.0.1"
    semver: "npm:^5.5.0"
    shebang-command: "npm:^1.2.0"
    which: "npm:^1.2.9"
  checksum: 5103fd3ec3c3d914d78190d1b7021bcca3f66d1c35008f67a696884a7d8c74a415158110436610abaae044d7351ecf8d71bb66872e88bbd80525b013b5b44256
  languageName: node
  linkType: hard

"deprecation@npm:^2.0.0":
  version: 2.3.1
  resolution: "deprecation@npm:2.3.1"
  checksum: 5197d8f4426eb3e25f1a002146eac3450f09a350f12b7a53b07ce8ec74e138e955c5420010cd30e2cd230f33e42c957112950e2e9fb341b2dac678fad08828ec
  languageName: node
  linkType: hard

"diff@npm:^4.0.1":
  version: 4.0.1
  resolution: "diff@npm:4.0.1"
  checksum: da6198d424409f23d4ba822c783319543007fb74f8fc27d9e3581d099ac5f09f1e3ff8065cf2912dc5de589664c7ff2ea1e015f1b033c5e98ea0e9d2f0d9bbad
  languageName: node
  linkType: hard

"end-of-stream@npm:^1.1.0":
  version: 1.4.4
  resolution: "end-of-stream@npm:1.4.4"
  dependencies:
    once: "npm:^1.4.0"
  checksum: a25dcd0d559363e7c63cce300e4224473fc5f8bf8d363c0b81c6b61b4773358463bac99dfd0b7146e79ebce591cd92fd608720325436cd3b6b31eacc9e9e859b
  languageName: node
  linkType: hard

"execa@npm:^1.0.0":
  version: 1.0.0
  resolution: "execa@npm:1.0.0"
  dependencies:
    cross-spawn: "npm:^6.0.0"
    get-stream: "npm:^4.0.0"
    is-stream: "npm:^1.1.0"
    npm-run-path: "npm:^2.0.0"
    p-finally: "npm:^1.0.0"
    signal-exit: "npm:^3.0.0"
    strip-eof: "npm:^1.0.0"
  checksum: 4c8005b1192433dd9cb42c0b2e3d616d8f5def85f38906bb644b8468c44824b5f2f8b265661e2f6ed7ba87cb7ae2e6aa66a96ae5093d8feca99fa51ac30b3783
  languageName: node
  linkType: hard

"get-stream@npm:^4.0.0":
  version: 4.1.0
  resolution: "get-stream@npm:4.1.0"
  dependencies:
    pump: "npm:^3.0.0"
  checksum: e3ff150d54d0e0052f7d85f9be060182cb2b3313721ca757af0f90e4399bdd80992727245b4e731bc5edbb4f67a51a3489ab7ad9ebb0b3560ce1d925985151e8
  languageName: node
  linkType: hard

"is-plain-object@npm:^3.0.0":
  version: 3.0.0
  resolution: "is-plain-object@npm:3.0.0"
  dependencies:
    isobject: "npm:^4.0.0"
  checksum: 6938e143a6f1da126f9baeb2670b84d96bcdd24d152c1a5a7224bc131b7e7bdc446ae90d9132a75f08f69b0839d33ee9d07cdb661bb7ec9c3359e215feca7807
  languageName: node
  linkType: hard

"is-stream@npm:^1.1.0":
  version: 1.1.0
  resolution: "is-stream@npm:1.1.0"
  checksum: 0c43bc68eb748e970e6df1163a52ce9ec37bfa4c0161557b4524d640ac414934c74427ae8f49c91f55c7fac807f4407a0eb5c7b24ac0b9e78f203aa706bc4cfa
  languageName: node
  linkType: hard

"isexe@npm:^2.0.0":
  version: 2.0.0
  resolution: "isexe@npm:2.0.0"
  checksum: 1f6f7ccf6206a544097e27f04018fbd4fdb45d71eadac305d4b60cc18668d35c970d3c0bfadc4b348dd603d5536496a5634dd5f64792ea5e745c62cbc0ce9730
  languageName: node
  linkType: hard

"isobject@npm:^4.0.0":
  version: 4.0.0
  resolution: "isobject@npm:4.0.0"
  checksum: c6ebe53854494f64a3d7dd6cc203d0c935861605291807f2d0fe5e08253809c1752cc09e39866c1a18c52c4efccd19188d56bcd736749dc76e4ead9be2c59d22
  languageName: node
  linkType: hard

"lodash.get@npm:^4.4.2":
  version: 4.4.2
  resolution: "lodash.get@npm:4.4.2"
  checksum: 37d69a668f582807bb89c5d53664c798aaa5e52ba131b9bed9af4fead1b753a32404bf63cdc68ca774ae776f832ec830ed692059dedeec3165f8b235451f1a6b
  languageName: node
  linkType: hard

"lodash.set@npm:^4.3.2":
  version: 4.3.2
  resolution: "lodash.set@npm:4.3.2"
  checksum: 924322b53ff419292b63e50a5392c2cfe9577c432a6308b7a6eeb4b7447a1639f870977a18dc472b9bd41b6f2f660b0f0a0b86916e5d25e2dd5383454f235aa3
  languageName: node
  linkType: hard

"lodash.uniq@npm:^4.5.0":
  version: 4.5.0
  resolution: "lodash.uniq@npm:4.5.0"
  checksum: 2564aebb4a889ed046b82420e9dd4fd725791212bbcbebfbc13678846a2f2448ae62a91a1a3519c5cac8ba87b06dd429a78cf7e957f066587792d49cf4066590
  languageName: node
  linkType: hard

"macos-release@npm:^2.2.0":
  version: 2.3.0
  resolution: "macos-release@npm:2.3.0"
  checksum: 5f7567f955e30ad68b9a679de58ff458a39a4210103899e8adeec457c2ad2162831536f4763295f2d9ac965e4bb3cac005d842aacf83570a4608da8b11129eb6
  languageName: node
  linkType: hard

"make-error@npm:^1.1.1":
  version: 1.3.5
  resolution: "make-error@npm:1.3.5"
  checksum: 93393c8e18caf7e82314636039d07a3541c73bfd5ddb6534f355c618927c8d0d000655981a773988deec14f7af95abe92c3654b880d9d1998abbe2ead4241d2c
  languageName: node
  linkType: hard

"nice-try@npm:^1.0.4":
  version: 1.0.5
  resolution: "nice-try@npm:1.0.5"
  checksum: 67ed974ae082d8efabbd1e4c0b052bb651efd43db7efba36ef2f32699bafae51bfd5f7bab8ae2ba528f060943e902fb42d5b9c68b8ea0e432246beac8ea2360c
  languageName: node
  linkType: hard

"node-fetch@npm:^2.3.0":
  version: 2.6.0
  resolution: "node-fetch@npm:2.6.0"
  checksum: 62de03bca8db6d39d2ec3baf51a3c7805a7cb1669dcfcfd0f0dc09b891e8673c80e71abaed8969f6f92401130824706e9103350a2bcc961dab629024781f0fd2
  languageName: node
  linkType: hard

"npm-run-path@npm:^2.0.0":
  version: 2.0.2
  resolution: "npm-run-path@npm:2.0.2"
  dependencies:
    path-key: "npm:^2.0.0"
  checksum: 209cab1259d0380dba8065603e120b29fdf167678d86c832fde853bf89de6cf85c64bb9aa1be04ae0237dd6b1fc469632554107c1d9961ec35ce07d9c5d3b5f5
  languageName: node
  linkType: hard

"octokit-pagination-methods@npm:^1.1.0":
  version: 1.1.0
  resolution: "octokit-pagination-methods@npm:1.1.0"
  checksum: 1115d14e3c5b55a927094ebc6fe9f3f7b4a62bee14aa1d5ba3e7ce5ee64b1be70168ef12eb353947092914f8b44501d0c3786a9d28e330aff71e0f08eb4b6e61
  languageName: node
  linkType: hard

"once@npm:^1.3.1, once@npm:^1.4.0":
  version: 1.4.0
  resolution: "once@npm:1.4.0"
  dependencies:
    wrappy: "npm:1"
  checksum: 47a04404e9aa3a209a7e536b199780fe75aba04df0a035b221285f2f703d0ab58286ffb402ff7cb5a3b894d0e86685eb4fc2766ce7a19555c14221437f248c03
  languageName: node
  linkType: hard

"os-name@npm:^3.0.0, os-name@npm:^3.1.0":
  version: 3.1.0
  resolution: "os-name@npm:3.1.0"
  dependencies:
    macos-release: "npm:^2.2.0"
    windows-release: "npm:^3.1.0"
  checksum: 63572694e763b4faadbf2468f0b0a2827ef377b6cb05a40f00aec2f82b49f91499bedbe68669060913db97df56840c90954b8b7964cecde381db7763589f89f0
  languageName: node
  linkType: hard

"os-tmpdir@npm:~1.0.2":
  version: 1.0.2
  resolution: "os-tmpdir@npm:1.0.2"
  checksum: 755d9c21ad7e5155978247cbdab470427e035b507bb6cc9cc2730b027dce1e7f649f2044d81fa280ccdf9293c4f4e51b21bb9657d32893ff3d9f4bbff1522506
  languageName: node
  linkType: hard

"p-finally@npm:^1.0.0":
  version: 1.0.0
  resolution: "p-finally@npm:1.0.0"
  checksum: fe1770b0c3a3d21013a4b1754458bfdca7c145c65adb4a8d19892c2376d2daf195c572aef07c0a7753b3c552a47d3310193462c95b5eb4ff6e0397d889078c3f
  languageName: node
  linkType: hard

"path-key@npm:^2.0.0, path-key@npm:^2.0.1":
  version: 2.0.1
  resolution: "path-key@npm:2.0.1"
  checksum: c89ee103cdc74ba8a5772cb56e9f1346cc7eae0789c4f9cb01ba5e6d501c2642900538e444ba26284a3a52fc01b9f1d70c7270d638c3cf37c25958ebf860be4e
  languageName: node
  linkType: hard

"pump@npm:^3.0.0":
  version: 3.0.0
  resolution: "pump@npm:3.0.0"
  dependencies:
    end-of-stream: "npm:^1.1.0"
    once: "npm:^1.3.1"
  checksum: 09633ba0f0d3d09f68afa6d7ad46e05e4860ec0549d9e55a87baa28fca048c3b87d1debdf1b3fac9bbbd21cdb0c3e11c527cb63471569cf88bcc0daeb466b32e
  languageName: node
  linkType: hard

"semver@npm:^5.5.0":
  version: 5.7.1
  resolution: "semver@npm:5.7.1"
  bin:
    semver: ./bin/semver
  checksum: dce4680e58a60e12fd7ec1f274635267206e466eaca54e3238f7c49baf33ba07aae8fe8f002a0cf6ec3e8c6f1ccbf158e8f59acc89c1777063e93eb239fe8b76
  languageName: node
  linkType: hard

"shebang-command@npm:^1.2.0":
  version: 1.2.0
  resolution: "shebang-command@npm:1.2.0"
  dependencies:
    shebang-regex: "npm:^1.0.0"
  checksum: 3d830f3ad0c796f671ad3a8a0ed9ac75a52b21a2f0cfc1e0675fb4d0530e332b10a3b0171f63ef6a2efa14dd7f92a3d03c49927afc9b3529830628671fade78a
  languageName: node
  linkType: hard

"shebang-regex@npm:^1.0.0":
  version: 1.0.0
  resolution: "shebang-regex@npm:1.0.0"
  checksum: fba9381f369e3e5e30e4e1353164243575a82f9b4b0010fc43dab33e7341d86032f9fdc6aa2d122f0737fce69a3c6544c295d9787aa4d522bc24ac1fcaac69d6
  languageName: node
  linkType: hard

"signal-exit@npm:^3.0.0":
  version: 3.0.2
  resolution: "signal-exit@npm:3.0.2"
  checksum: b3d9a5567188a680bdb67fb996c2ffe49dfb1db5295d4e55e34ce77ca8e7a9f3f81672b71279fed5dcb2057afd133a5a7d5bd4de4652a8714c668460900f183c
  languageName: node
  linkType: hard

"source-map-support@npm:^0.5.6":
  version: 0.5.13
  resolution: "source-map-support@npm:0.5.13"
  dependencies:
    buffer-from: "npm:^1.0.0"
    source-map: "npm:^0.6.0"
  checksum: 9dc2e3f9c54cd425c1d27fa73f9653d8fd31368b79eecd2bf7c1ec33bb7e84879e25dfbc1b75c6778992776a3998a9b10b63255dafe4cb2682b8b6db4fd01342
  languageName: node
  linkType: hard

"source-map@npm:^0.6.0":
  version: 0.6.1
  resolution: "source-map@npm:0.6.1"
  checksum: fa17f30e37dfa8d8065fc98e8c51ae80d7050055f90dbd40e8644269bda04707386180c4c43af7104a29af56109663e994ccbc2cf766af01e915285c7f93cc40
  languageName: node
  linkType: hard

"strip-eof@npm:^1.0.0":
  version: 1.0.0
  resolution: "strip-eof@npm:1.0.0"
  checksum: 20a828d78417a6a92db24ed630967d57c1d323d4da159a79bbdf66032374367729f70ee7076094a29723d33e41a2df8617f1e2083ab85f588a9fdf1786e91b11
  languageName: node
  linkType: hard

"tmp@npm:^0.0.33":
  version: 0.0.33
  resolution: "tmp@npm:0.0.33"
  dependencies:
    os-tmpdir: "npm:~1.0.2"
  checksum: 34c8e9a76840b2479e84a526b63a70695072d5926fa504e96bf01c6b51a42797356167d0ced4f7c1e5c3631b41b6aadfb1bddd2d6c9359fc0f81e7bd546aa6c9
  languageName: node
  linkType: hard

"ts-node@npm:^8.4.1":
  version: 8.4.1
  resolution: "ts-node@npm:8.4.1"
  dependencies:
    arg: "npm:^4.1.0"
    diff: "npm:^4.0.1"
    make-error: "npm:^1.1.1"
    source-map-support: "npm:^0.5.6"
    yn: "npm:^3.0.0"
  peerDependencies:
    typescript: ">=2.0"
  bin:
    ts-node: dist/bin.js
  checksum: 34748fb6abffbd3c23a9f981dbac50347bd0082d75bfc6d8a6161026d081eaac25eec4d26e711cd81c638bbfd545198946455281f32fdb812be457587562acb6
  languageName: node
  linkType: hard

"typescript@npm:^3.6.4":
  version: 3.6.4
  resolution: "typescript@npm:3.6.4"
  bin:
    tsc: ./bin/tsc
    tsserver: ./bin/tsserver
  checksum: 261beb88a53ac4b97eb66a2cce8be15edf7720b1661ad9d0223e0a3db06697a506c8941882ac49c577ec2e56ce596c71c268644f3ef9009df15baa4a66c3ccf0
  languageName: node
  linkType: hard

"universal-user-agent@npm:^2.0.3":
  version: 2.1.0
  resolution: "universal-user-agent@npm:2.1.0"
  dependencies:
    os-name: "npm:^3.0.0"
  checksum: f3c1336e8c4afc979a2d23f774df2423423365a5792cf40efa716b5dc4e42509ca768d6589a07fc88e5e3f846f59c5afef2c0aeea4618d52ce3b5a1dd831c3af
  languageName: node
  linkType: hard

"universal-user-agent@npm:^4.0.0":
  version: 4.0.0
  resolution: "universal-user-agent@npm:4.0.0"
  dependencies:
    os-name: "npm:^3.1.0"
  checksum: c9e7505b7907e460edbb7ed475acf127b194e91e7157819d8d971574ed01e6eeb1de8c1dd464900213898270a3b16f20619ce450208c2b6a87388c64aa3efe18
  languageName: node
  linkType: hard

"update-pr@workspace:.":
  version: 0.0.0-use.local
  resolution: "update-pr@workspace:."
  dependencies:
    "@actions/core": "npm:^1.1.3"
    "@actions/github": "npm:^1.1.0"
    "@types/node": "npm:^12.7.12"
    "@yarnpkg/pnpify": "npm:^2.0.0-rc.6"
    ts-node: "npm:^8.4.1"
    typescript: "npm:^3.6.4"
  languageName: unknown
  linkType: soft

"which@npm:^1.2.9":
  version: 1.3.1
  resolution: "which@npm:1.3.1"
  dependencies:
    isexe: "npm:^2.0.0"
  bin:
    which: ./bin/which
  checksum: 8c639095289e694cbce93f17662e56f740ceafb8d73cdccf0d2b2968df0e8b9c8ddf16f44711d1d5a5efe4d2091cb3ca06d1afa2db359df48588a71a4b60d0c6
  languageName: node
  linkType: hard

"windows-release@npm:^3.1.0":
  version: 3.2.0
  resolution: "windows-release@npm:3.2.0"
  dependencies:
    execa: "npm:^1.0.0"
  checksum: cb2314ef5ce1ccb4461452a6ed054b480816cb398efcbd0ae16989f9dab69cbdd65a88db116589e6a008d36415551c6c4871c60e3050308f01b5ebd9007e3a4f
  languageName: node
  linkType: hard

"wrappy@npm:1":
  version: 1.0.2
  resolution: "wrappy@npm:1.0.2"
  checksum: 0796da084f06bced2351fed9686a7211f4a4b774a7a3b64c7ead1b3bef162b1721f2a1d3fb1268bf2e848c9d743eca189c2a243159a1512d5dfab4b0d4dd60b5
  languageName: node
  linkType: hard

"yn@npm:^3.0.0":
  version: 3.1.1
  resolution: "yn@npm:3.1.1"
  checksum: e06491e44f4f86b1ff20cb1105ae34c7a72fbf0128eb88210f40744ae70812dc2225553edc3b180ac820529e3da1446abff51f687717ae2878dd5ab060c7df1f
  languageName: node
  linkType: hard
