# This file is generated by running "yarn install" inside your project.
# Manual changes might be lost - proceed with caution!

__metadata:
  version: 3

"@actions/core@npm:1.1.3":
  version: 1.1.3
  resolution: "@actions/core@npm:1.1.3"
  checksum: 27e01b86b57540c3eca179a37e2045f8ba371edd3e5d13c4acf63adb2532d01981afb0e464a1ace7767a1e8b256aa1f9295bd5a3edba3c243048517d67bc3a8e
  languageName: node
  linkType: hard

"@types/node@npm:12.7.12":
  version: 12.7.12
  resolution: "@types/node@npm:12.7.12"
  checksum: 4d89dd7b486b93f54f69c7295a9a86c83fe20cfcc06c5fb477d4da78b0fb34e49a0c4fdffd74b475e6e8be812133c9adfe95609d445821ad6eaa13d052c2b3f2
  languageName: node
  linkType: hard

"@yarnpkg/fslib@npm:2.0.0-rc.5":
  version: 2.0.0-rc.5
  resolution: "@yarnpkg/fslib@npm:2.0.0-rc.5"
  dependencies:
    "@yarnpkg/libzip": "npm:2.0.0-rc.3"
    tmp: "npm:^0.0.33"
  checksum: ad83f0e1d63c5ba8e3be8a2db16514e5304571812e8b6b6b95a642ef50dae98e9cc9cdd4b4fa20fd1f24bceb3f59e9b70fb023c627af5cd512fb881b339ba8f2
  languageName: node
  linkType: hard

"@yarnpkg/libzip@npm:2.0.0-rc.3":
  version: 2.0.0-rc.3
  resolution: "@yarnpkg/libzip@npm:2.0.0-rc.3"
  checksum: a6d26355ccee4e0fe477abcf95741eed9e741ff1727147fed22c0cb29bf2ae83f1191bb17083e30afd6bfb04c951b3e7ec30afcad01b12e70e178e0843e412a3
  languageName: node
  linkType: hard

"@yarnpkg/pnpify@npm:2.0.0-rc.7":
  version: 2.0.0-rc.7
  resolution: "@yarnpkg/pnpify@npm:2.0.0-rc.7"
  dependencies:
    "@yarnpkg/fslib": "npm:2.0.0-rc.5"
    cross-spawn: "npm:^6.0.5"
    json5: "npm:^2.1.0"
  peerDependencies:
    eslint: "*"
    typescript: "*"
  peerDependenciesMeta:
    eslint:
      optional: true
    typescript:
      optional: true
  bin:
    pnpify: ./lib/cli.js
  checksum: 4b205fa8c5cf1f94585b35e54e1ba528268813e4513c4d4e1b93ecfd3e62aecf953d6877ec11cbf4009dd20f8ed1b42e8ea54e02d01a1bc3687837af9006bfed
  languageName: node
  linkType: hard

"ajv@npm:^6.5.5":
  version: 6.10.2
  resolution: "ajv@npm:6.10.2"
  dependencies:
    fast-deep-equal: "npm:^2.0.1"
    fast-json-stable-stringify: "npm:^2.0.0"
    json-schema-traverse: "npm:^0.4.1"
    uri-js: "npm:^4.2.2"
  checksum: 2295662698bf63a8c27b32c42384d404f1e1b75400f6ab36439675e02628fbdb91d88b418fc276311b51043e58dd57c9417e01bfec03fa87d4c571fb274e266d
  languageName: node
  linkType: hard

"arg@npm:^4.1.0":
  version: 4.1.1
  resolution: "arg@npm:4.1.1"
  checksum: f2a2c5520a4ba4840ae96894f29e8e56278808bb853e76cb6238a8566b5bfc934a7671813c5cc07fc80876af310582c79399e7bc5172ea536d260934c9afb7f7
  languageName: node
  linkType: hard

"asn1@npm:~0.2.3":
  version: 0.2.4
  resolution: "asn1@npm:0.2.4"
  dependencies:
    safer-buffer: "npm:~2.1.0"
  checksum: 6f8ecf66e024f3fb329233b7e76a39b81b9dc84f4b75a8727ad059ca6a64973a2e4e5b4bed564022d59df954af806bfd6af0cd4500cacab3ac0850fedd9b913a
  languageName: node
  linkType: hard

"assert-plus@npm:1.0.0, assert-plus@npm:^1.0.0":
  version: 1.0.0
  resolution: "assert-plus@npm:1.0.0"
  checksum: 0dbcfb92c233e31f58bc2dd4109728e961eef044dc31b8f85f2b7bd2b0435fc32312258de4e7d9ad07d641aef663b3336d071ad2aa31fdf0686848315cc67f26
  languageName: node
  linkType: hard

"asynckit@npm:^0.4.0":
  version: 0.4.0
  resolution: "asynckit@npm:0.4.0"
  checksum: 9f0abbb2af5ed83007505d1a98e6e6bc63dc8ffaa28288927d978c0d1f7af0a106ae05bac2407078fd147c1001068c0f9a7cc21e94d34b9838f78109c5266948
  languageName: node
  linkType: hard

"aws-sign2@npm:~0.7.0":
  version: 0.7.0
  resolution: "aws-sign2@npm:0.7.0"
  checksum: 448068c11ab51c1e797956a72d52a068f5600753e07e90c18a894799744bfd2b161d83e2217162d05ade214579f69624b9a9374c693572e6821fd2d1eea72099
  languageName: node
  linkType: hard

"aws4@npm:^1.8.0":
  version: 1.8.0
  resolution: "aws4@npm:1.8.0"
  checksum: 82798aee74bcd4c5b3b7f0955dafe7e8b1336a783acc5811ac08f691eea530a772b72576c746b7cadff605d7af394623c873fe86c34dc35a73ef2f9adcfa3078
  languageName: node
  linkType: hard

"bcrypt-pbkdf@npm:^1.0.0":
  version: 1.0.2
  resolution: "bcrypt-pbkdf@npm:1.0.2"
  dependencies:
    tweetnacl: "npm:^0.14.3"
  checksum: be6f38b9db6df9b023c17d952a02809eec63931c2183e6b3a9b373f971f85f8a1372e3a379d72877f748695d313eaee033fc1b7905448f62d75e4bef3ef175cb
  languageName: node
  linkType: hard

"buffer-from@npm:^1.0.0":
  version: 1.1.1
  resolution: "buffer-from@npm:1.1.1"
  checksum: b34c802232998fe342f64398c6bfbcd74c7e3d8115513ccc1c932c8ea0e0a205293847bc69be4c32ed9388ca151f635b005019e0bddbd80a5df34da537d722d6
  languageName: node
  linkType: hard

"caseless@npm:~0.12.0":
  version: 0.12.0
  resolution: "caseless@npm:0.12.0"
  checksum: 78d62874b145ce0351ebdc76fe77402ef47ac9d94728e896606ffc2da85d049311824219dc671bb9a957eb56dcd223dc785a743da28b2740ca0f966c0ac240dd
  languageName: node
  linkType: hard

"combined-stream@npm:^1.0.6, combined-stream@npm:~1.0.6":
  version: 1.0.8
  resolution: "combined-stream@npm:1.0.8"
  dependencies:
    delayed-stream: "npm:~1.0.0"
  checksum: caf371134e0b2f06a2179011439a7f4568c026393b384ccee5f3dd624a7b5f5ba2ae2370b358c4869b73d05d00d5ea9a0140331ae49eb88f68e09c05a6dacc0c
  languageName: node
  linkType: hard

"core-util-is@npm:1.0.2":
  version: 1.0.2
  resolution: "core-util-is@npm:1.0.2"
  checksum: b2aeb723279455a85125383b7067e66d650187adee4151b6587bc28d8334c9d5ebbc6e4bd6c344355191865e1add46fdec83f2a7f4d83889cfe7e586d9fd50b6
  languageName: node
  linkType: hard

"cross-spawn@npm:^6.0.5":
  version: 6.0.5
  resolution: "cross-spawn@npm:6.0.5"
  dependencies:
    nice-try: "npm:^1.0.4"
    path-key: "npm:^2.0.1"
    semver: "npm:^5.5.0"
    shebang-command: "npm:^1.2.0"
    which: "npm:^1.2.9"
  checksum: 5103fd3ec3c3d914d78190d1b7021bcca3f66d1c35008f67a696884a7d8c74a415158110436610abaae044d7351ecf8d71bb66872e88bbd80525b013b5b44256
  languageName: node
  linkType: hard

"dashdash@npm:^1.12.0":
  version: 1.14.1
  resolution: "dashdash@npm:1.14.1"
  dependencies:
    assert-plus: "npm:^1.0.0"
  checksum: ae1c06eeabf13a791303aeee536bd96b2ef24ecb77cbb69072297b389b91329131b8b7134289fe83bd6eccf6ec674e8d712dd9e8aea1b4aabaf3d46c2fb4db83
  languageName: node
  linkType: hard

"delayed-stream@npm:~1.0.0":
  version: 1.0.0
  resolution: "delayed-stream@npm:1.0.0"
  checksum: 859d2824377d82c7e9b182da9c3799753d7271b223f83c141adca59674ae1df4b3215d7b9faa7555f943772f75c4ab98895e2ecba43ff904338d9208535f9af6
  languageName: node
  linkType: hard

"diff@npm:^4.0.1":
  version: 4.0.1
  resolution: "diff@npm:4.0.1"
  checksum: da6198d424409f23d4ba822c783319543007fb74f8fc27d9e3581d099ac5f09f1e3ff8065cf2912dc5de589664c7ff2ea1e015f1b033c5e98ea0e9d2f0d9bbad
  languageName: node
  linkType: hard

"ecc-jsbn@npm:~0.1.1":
  version: 0.1.2
  resolution: "ecc-jsbn@npm:0.1.2"
  dependencies:
    jsbn: "npm:~0.1.0"
    safer-buffer: "npm:^2.1.0"
  checksum: 4e31135f449b97f6155426873293f9270a2c2885520ad85e700665b680354bd3c1223783f822c4ad19fbe7899a2dff33794ddd7d25d234a7529b16b999c9ed83
  languageName: node
  linkType: hard

"extend@npm:~3.0.2":
  version: 3.0.2
  resolution: "extend@npm:3.0.2"
  checksum: 3df56be8d20d6a282e712c3c6aa4548ccdddd2dcfacc96a79ef23529c3b5d267e995cdb285aac2ed6d65bd556dc71ee8fef1c01d1fca9ef148fd9e5d1ecbb924
  languageName: node
  linkType: hard

"extsprintf@npm:1.3.0":
  version: 1.3.0
  resolution: "extsprintf@npm:1.3.0"
  checksum: 8cf20d3044b6333076eacb7b134fa56586273e9d47ad4fa3e396ce0b6f79d575c32212c579db2de1c1991c02b58f71ad269cfdffdbd193fa040b0bfff233955f
  languageName: node
  linkType: hard

"extsprintf@npm:^1.2.0":
  version: 1.4.0
  resolution: "extsprintf@npm:1.4.0"
  checksum: 5ce016ed485f47f742ac65cc26a49fd2a05515beec3f860baaf1e201cf26c1f15e3a97847c19ce82a926d820ec21a3356c7190b64fb74c42ac7dabc879a47a3e
  languageName: node
  linkType: hard

"fast-deep-equal@npm:^2.0.1":
  version: 2.0.1
  resolution: "fast-deep-equal@npm:2.0.1"
  checksum: 3edf36d062e80f50c0ec797af0d4bea0961f7a8c3964108518d1dfe8150bb1e3488ed8642ca1b7b633abfebe8bae27b12db1ffada5ef9689d382a1f6a54375e2
  languageName: node
  linkType: hard

"fast-json-stable-stringify@npm:^2.0.0":
  version: 2.0.0
  resolution: "fast-json-stable-stringify@npm:2.0.0"
  checksum: cd22848b7072f690a6d37af85ecafcb55d7324386e8383e8a4c4a68a6f63c551a791616d8f63caddeb287a07ed855067120ef894df9f7ce8e1d32ee2a00016c9
  languageName: node
  linkType: hard

"forever-agent@npm:~0.6.1":
  version: 0.6.1
  resolution: "forever-agent@npm:0.6.1"
  checksum: c93124c19389fc884c5caa376c76789789a9f7d94a6079214abfc87a2b49c2b6388e3bc2214b8f1442f1e92ca574cc48f7dd6b9a52bb199f3cec75fd5ff59f7f
  languageName: node
  linkType: hard

"form-data@npm:~2.3.2":
  version: 2.3.3
  resolution: "form-data@npm:2.3.3"
  dependencies:
    asynckit: "npm:^0.4.0"
    combined-stream: "npm:^1.0.6"
    mime-types: "npm:^2.1.12"
  checksum: 8f61c21715cc87df4ba26f46ef8feab2198b3ef0ff933ea73f256683ee1bbe7a9b09d78c008a5eaa1e45ff5bfb05d473976b18a0a9640ffeaa0cb7a0079a68b2
  languageName: node
  linkType: hard

"get-jira-issue@workspace:.":
  version: 0.0.0-use.local
  resolution: "get-jira-issue@workspace:."
  dependencies:
    "@actions/core": "npm:1.1.3"
    "@types/node": "npm:12.7.12"
    "@yarnpkg/pnpify": "npm:2.0.0-rc.7"
    jira-connector: "npm:2.16.1"
    ts-node: "npm:8.4.1"
    typescript: "npm:3.6.4"
  languageName: unknown
  linkType: soft

"getpass@npm:^0.1.1":
  version: 0.1.7
  resolution: "getpass@npm:0.1.7"
  dependencies:
    assert-plus: "npm:^1.0.0"
  checksum: dc1d4184d1b3ea565b2f223542615bd2c16905563827172e2ca9a0e2e0dcc1173407b0523ca15dbd53bf8b75b4485a1815ccb0bfeb4668e1d2520899cb5c57f5
  languageName: node
  linkType: hard

"har-schema@npm:^2.0.0":
  version: 2.0.0
  resolution: "har-schema@npm:2.0.0"
  checksum: dc922e19113c0d52351adb6307e9971e5ff82cae901ac09e6a8000dde7bf5da736c936e05ddfe1a53811a0e4f702efc71aeb8dcd4d8f1a3bda6ccff77b86288e
  languageName: node
  linkType: hard

"har-validator@npm:~5.1.0":
  version: 5.1.3
  resolution: "har-validator@npm:5.1.3"
  dependencies:
    ajv: "npm:^6.5.5"
    har-schema: "npm:^2.0.0"
  checksum: 048be5641c1cacfa8e72084e042d198e2f34ef4eca3d61ac3612402b45f6983c3d2d01ea16beb0d37902bd3d6310ffaa0b5f3c9b7b1219601252e1467bf09f28
  languageName: node
  linkType: hard

"http-signature@npm:~1.2.0":
  version: 1.2.0
  resolution: "http-signature@npm:1.2.0"
  dependencies:
    assert-plus: "npm:^1.0.0"
    jsprim: "npm:^1.2.2"
    sshpk: "npm:^1.7.0"
  checksum: c04e17a347d732bfaa4ddc22dacba181475cc378dfbb1cd0ac9f911d38ee9d693370dc119082c1a9789871e7c114bbb5317abb1da3391bee02ae26e4adcadaad
  languageName: node
  linkType: hard

"is-typedarray@npm:~1.0.0":
  version: 1.0.0
  resolution: "is-typedarray@npm:1.0.0"
  checksum: 781a95df2e18eaa0ddf4cd1ea0aa1b81cbfc9139d19f551cfc90db4d1a555c3d3f907ac8194ed312512c3b87b160fecb5bf453d2226e54d5e63c3757523a05e5
  languageName: node
  linkType: hard

"isexe@npm:^2.0.0":
  version: 2.0.0
  resolution: "isexe@npm:2.0.0"
  checksum: 1f6f7ccf6206a544097e27f04018fbd4fdb45d71eadac305d4b60cc18668d35c970d3c0bfadc4b348dd603d5536496a5634dd5f64792ea5e745c62cbc0ce9730
  languageName: node
  linkType: hard

"isstream@npm:~0.1.2":
  version: 0.1.2
  resolution: "isstream@npm:0.1.2"
  checksum: aa7954a14871449e27bbbb5918f773964661b19287a6e6a6dccfba1f3680fb01605d13ac866c4032449fd6e7d307c7456709bb62f4fe6735a4ecfab37c1918c6
  languageName: node
  linkType: hard

"jira-connector@npm:2.16.1":
  version: 2.16.1
  resolution: "jira-connector@npm:2.16.1"
  dependencies:
    mime-types: "npm:^2.1.24"
    oauth: "npm:^0.9.12"
    request: "npm:^2.83.0"
  checksum: 5ded0f46c174f5e6eb79e7c097c0a20118fdd3e4d1447726c2d0fd92e1fb5b9f80eb14c8b0d346822107ad2b5f5cefa0c0ed8ae98ea8a17c725448a928706a61
  languageName: node
  linkType: hard

"jsbn@npm:~0.1.0":
  version: 0.1.1
  resolution: "jsbn@npm:0.1.1"
  checksum: 0a485f89e5bd9ffa84ed65e1d840c3398a0d3eeecd1211ceca545050298a5dc1c0cfe9f2d0d779785b583cb6c3b3cff50d7a89e407cbcad29b474e7a2cf6ac1e
  languageName: node
  linkType: hard

"json-schema-traverse@npm:^0.4.1":
  version: 0.4.1
  resolution: "json-schema-traverse@npm:0.4.1"
  checksum: 511768bce007e0e4f505c08f94f2c59f8aeabc9e6f0f187e7e1838ff445b022d05107a6aaac62dee3e2e6a6b2265e23a0b625255a98700f88c104ad4b97e525d
  languageName: node
  linkType: hard

"json-schema@npm:0.2.3":
  version: 0.2.3
  resolution: "json-schema@npm:0.2.3"
  checksum: 33b4fdb870fb86d6882791b59892535a2466573a156c4649cfeff4d07a8c59bd9fb54d46609567cad88c0de60a46276d0d469bcde45fabc20c166c7bb3bc04b9
  languageName: node
  linkType: hard

"json-stringify-safe@npm:~5.0.1":
  version: 5.0.1
  resolution: "json-stringify-safe@npm:5.0.1"
  checksum: b3d9281f42e16fab884eaa6294cba891730f38e1e64049d3bfd41057878b52d53a0be309ff8a4968c30efc5065585b7c9cabdc05336d7d277866f4b28241a924
  languageName: node
  linkType: hard

"json5@npm:^2.1.0":
  version: 2.1.1
  resolution: "json5@npm:2.1.1"
  dependencies:
    minimist: "npm:^1.2.0"
  bin:
    json5: lib/cli.js
  checksum: d590aca587972744a44f1d6a544b5308b1b529da41fb59cacd99f8cf9d9e67ae2bc27ee426458c4aa4cfb720674d33ec4093f70eb7393b84fc4c8e0397f9bf42
  languageName: node
  linkType: hard

"jsprim@npm:^1.2.2":
  version: 1.4.1
  resolution: "jsprim@npm:1.4.1"
  dependencies:
    assert-plus: "npm:1.0.0"
    extsprintf: "npm:1.3.0"
    json-schema: "npm:0.2.3"
    verror: "npm:1.10.0"
  checksum: c4afef21da19a73379df0d906b354b401db318096b0e711cc7927547b8d37788a2f7768c875d5abdfc02613cb3af0d943f4d505b9f2e28fa09d2d0d12851ff53
  languageName: node
  linkType: hard

"make-error@npm:^1.1.1":
  version: 1.3.5
  resolution: "make-error@npm:1.3.5"
  checksum: 93393c8e18caf7e82314636039d07a3541c73bfd5ddb6534f355c618927c8d0d000655981a773988deec14f7af95abe92c3654b880d9d1998abbe2ead4241d2c
  languageName: node
  linkType: hard

"mime-db@npm:1.40.0":
  version: 1.40.0
  resolution: "mime-db@npm:1.40.0"
  checksum: 0621aab4b17438cd6abe6870c116d1edcf92576038357ad86b779f885bac0a6aa7a9bf80186eefb716d29b87687070b6f63c1bd679ac10d4403a1dda82edcc38
  languageName: node
  linkType: hard

"mime-types@npm:^2.1.12, mime-types@npm:^2.1.24, mime-types@npm:~2.1.19":
  version: 2.1.24
  resolution: "mime-types@npm:2.1.24"
  dependencies:
    mime-db: "npm:1.40.0"
  checksum: 15bb3af5671d0b795fcf1ffb04b2274e7c54af5941c8917ffda14ec3790ebc0c75939ea5ef143ef9d336f259ef3513084a555260adbcc8b324244b5615002d72
  languageName: node
  linkType: hard

"minimist@npm:^1.2.0":
  version: 1.2.0
  resolution: "minimist@npm:1.2.0"
  checksum: 06755eb86c09cfff6a239cc3a0a21fac046f333952c508ffdba6b796511725467f930bb0e2cf070401b4287d3383ce29cedb28d1d4b53d569fabc209af8d8706
  languageName: node
  linkType: hard

"nice-try@npm:^1.0.4":
  version: 1.0.5
  resolution: "nice-try@npm:1.0.5"
  checksum: 67ed974ae082d8efabbd1e4c0b052bb651efd43db7efba36ef2f32699bafae51bfd5f7bab8ae2ba528f060943e902fb42d5b9c68b8ea0e432246beac8ea2360c
  languageName: node
  linkType: hard

"oauth-sign@npm:~0.9.0":
  version: 0.9.0
  resolution: "oauth-sign@npm:0.9.0"
  checksum: f4cb09c65243732ca9d7a9279b29f0c1ae1cdf15722a23c19b5f37cb693545df7822c29d506a10991aaf12231976361ed2a9c90a18101a73f990df5423954d9b
  languageName: node
  linkType: hard

"oauth@npm:^0.9.12":
  version: 0.9.15
  resolution: "oauth@npm:0.9.15"
  checksum: 2fca7bc79083203b27bf024a903b502afdfcb5f7ce8b1335154928c08cfd069eed7b49eb67d398a8d31896b81f333d9b94828479d4a4ab17c1094ca5930c7334
  languageName: node
  linkType: hard

"os-tmpdir@npm:~1.0.2":
  version: 1.0.2
  resolution: "os-tmpdir@npm:1.0.2"
  checksum: 755d9c21ad7e5155978247cbdab470427e035b507bb6cc9cc2730b027dce1e7f649f2044d81fa280ccdf9293c4f4e51b21bb9657d32893ff3d9f4bbff1522506
  languageName: node
  linkType: hard

"path-key@npm:^2.0.1":
  version: 2.0.1
  resolution: "path-key@npm:2.0.1"
  checksum: c89ee103cdc74ba8a5772cb56e9f1346cc7eae0789c4f9cb01ba5e6d501c2642900538e444ba26284a3a52fc01b9f1d70c7270d638c3cf37c25958ebf860be4e
  languageName: node
  linkType: hard

"performance-now@npm:^2.1.0":
  version: 2.1.0
  resolution: "performance-now@npm:2.1.0"
  checksum: 6a5b3d6104304d00a0ec4bbf2799bfb1e2dcfe5403d7d1c3c9a595451b32acb7396c831817730288e4a33cae5de0d3c76d38cfebb62b59927a021b3300f8d29e
  languageName: node
  linkType: hard

"psl@npm:^1.1.24":
  version: 1.4.0
  resolution: "psl@npm:1.4.0"
  checksum: 8931e4573acbca42172109977589fb0766414858626ade6bd261eb7140595958ae9c39f4352c0009aff9cf50196938c61a2202a86307434e1bb4e5d925ad27eb
  languageName: node
  linkType: hard

"punycode@npm:^1.4.1":
  version: 1.4.1
  resolution: "punycode@npm:1.4.1"
  checksum: 747838f367f6e00bd688e968fe7d510d33fbd8d75e4dd6a7919bbbaf51fbd1c1e861ff24ced239adee076b4a5fcb08cdc3a26d88e7980e94efd9a96a950b0014
  languageName: node
  linkType: hard

"punycode@npm:^2.1.0":
  version: 2.1.1
  resolution: "punycode@npm:2.1.1"
  checksum: 497a65093f48fc94a91a2166cf4365d162ab07977adc8dc23dfb6c109c3d0dc004ea3623813a64e62992ad85d14b6a13a489055acd5c4763f56cae0733d71095
  languageName: node
  linkType: hard

"qs@npm:~6.5.2":
  version: 6.5.2
  resolution: "qs@npm:6.5.2"
  checksum: 0e9377802164c7a454397660305eaa3b2e10afd915cff80dedab1b90ebc017105a3cfc6d995116374cd2d07d18349478b9ad1eb1ac72596c402b89010e46c0e5
  languageName: node
  linkType: hard

"request@npm:^2.83.0":
  version: 2.88.0
  resolution: "request@npm:2.88.0"
  dependencies:
    aws-sign2: "npm:~0.7.0"
    aws4: "npm:^1.8.0"
    caseless: "npm:~0.12.0"
    combined-stream: "npm:~1.0.6"
    extend: "npm:~3.0.2"
    forever-agent: "npm:~0.6.1"
    form-data: "npm:~2.3.2"
    har-validator: "npm:~5.1.0"
    http-signature: "npm:~1.2.0"
    is-typedarray: "npm:~1.0.0"
    isstream: "npm:~0.1.2"
    json-stringify-safe: "npm:~5.0.1"
    mime-types: "npm:~2.1.19"
    oauth-sign: "npm:~0.9.0"
    performance-now: "npm:^2.1.0"
    qs: "npm:~6.5.2"
    safe-buffer: "npm:^5.1.2"
    tough-cookie: "npm:~2.4.3"
    tunnel-agent: "npm:^0.6.0"
    uuid: "npm:^3.3.2"
  checksum: 828fafdf57036d5f22d8829c44157a8c112f149b08709e6fd61f43e4f152ca448dd7713cb15861955c71964085f7595443851fa8c7eebcae749be7c63fff9e45
  languageName: node
  linkType: hard

"safe-buffer@npm:^5.0.1, safe-buffer@npm:^5.1.2":
  version: 5.2.0
  resolution: "safe-buffer@npm:5.2.0"
  checksum: 4577ff3526b671703fa907756021c0cf1360d664c7a4b2db07fedaf3a63df00f6638a16aa8d43d56658e73bd56eab432767b5b2ae3d138e77b875f77529338f3
  languageName: node
  linkType: hard

"safer-buffer@npm:^2.0.2, safer-buffer@npm:^2.1.0, safer-buffer@npm:~2.1.0":
  version: 2.1.2
  resolution: "safer-buffer@npm:2.1.2"
  checksum: cfd3f4d7dc37db071c3b36c8e4315e3912e70f1a44c87936cafb6b3b15af362893ca02da703398fbbc299c1599fa49fca9ddda41ffd347adda417f988848dcf2
  languageName: node
  linkType: hard

"semver@npm:^5.5.0":
  version: 5.7.1
  resolution: "semver@npm:5.7.1"
  bin:
    semver: ./bin/semver
  checksum: dce4680e58a60e12fd7ec1f274635267206e466eaca54e3238f7c49baf33ba07aae8fe8f002a0cf6ec3e8c6f1ccbf158e8f59acc89c1777063e93eb239fe8b76
  languageName: node
  linkType: hard

"shebang-command@npm:^1.2.0":
  version: 1.2.0
  resolution: "shebang-command@npm:1.2.0"
  dependencies:
    shebang-regex: "npm:^1.0.0"
  checksum: 3d830f3ad0c796f671ad3a8a0ed9ac75a52b21a2f0cfc1e0675fb4d0530e332b10a3b0171f63ef6a2efa14dd7f92a3d03c49927afc9b3529830628671fade78a
  languageName: node
  linkType: hard

"shebang-regex@npm:^1.0.0":
  version: 1.0.0
  resolution: "shebang-regex@npm:1.0.0"
  checksum: fba9381f369e3e5e30e4e1353164243575a82f9b4b0010fc43dab33e7341d86032f9fdc6aa2d122f0737fce69a3c6544c295d9787aa4d522bc24ac1fcaac69d6
  languageName: node
  linkType: hard

"source-map-support@npm:^0.5.6":
  version: 0.5.13
  resolution: "source-map-support@npm:0.5.13"
  dependencies:
    buffer-from: "npm:^1.0.0"
    source-map: "npm:^0.6.0"
  checksum: 9dc2e3f9c54cd425c1d27fa73f9653d8fd31368b79eecd2bf7c1ec33bb7e84879e25dfbc1b75c6778992776a3998a9b10b63255dafe4cb2682b8b6db4fd01342
  languageName: node
  linkType: hard

"source-map@npm:^0.6.0":
  version: 0.6.1
  resolution: "source-map@npm:0.6.1"
  checksum: fa17f30e37dfa8d8065fc98e8c51ae80d7050055f90dbd40e8644269bda04707386180c4c43af7104a29af56109663e994ccbc2cf766af01e915285c7f93cc40
  languageName: node
  linkType: hard

"sshpk@npm:^1.7.0":
  version: 1.16.1
  resolution: "sshpk@npm:1.16.1"
  dependencies:
    asn1: "npm:~0.2.3"
    assert-plus: "npm:^1.0.0"
    bcrypt-pbkdf: "npm:^1.0.0"
    dashdash: "npm:^1.12.0"
    ecc-jsbn: "npm:~0.1.1"
    getpass: "npm:^0.1.1"
    jsbn: "npm:~0.1.0"
    safer-buffer: "npm:^2.0.2"
    tweetnacl: "npm:~0.14.0"
  bin:
    sshpk-conv: bin/sshpk-conv
    sshpk-sign: bin/sshpk-sign
    sshpk-verify: bin/sshpk-verify
  checksum: fa6553d407039dd527e65ec6dbd783eee7ac946db774d738830d996709b655e5b3072def8c81fd6f454293f88607039aba7fc2a149b93a2d4526ab8671c8885c
  languageName: node
  linkType: hard

"tmp@npm:^0.0.33":
  version: 0.0.33
  resolution: "tmp@npm:0.0.33"
  dependencies:
    os-tmpdir: "npm:~1.0.2"
  checksum: 34c8e9a76840b2479e84a526b63a70695072d5926fa504e96bf01c6b51a42797356167d0ced4f7c1e5c3631b41b6aadfb1bddd2d6c9359fc0f81e7bd546aa6c9
  languageName: node
  linkType: hard

"tough-cookie@npm:~2.4.3":
  version: 2.4.3
  resolution: "tough-cookie@npm:2.4.3"
  dependencies:
    psl: "npm:^1.1.24"
    punycode: "npm:^1.4.1"
  checksum: 4fb852840d622e9e8bb789aa8da960cc03997fd18262b41e038e02bd00ef3a8d190ffae426412d5fef6990af5d42501b8d4adb2a9c8e1100251e1bf5f5166017
  languageName: node
  linkType: hard

"ts-node@npm:8.4.1":
  version: 8.4.1
  resolution: "ts-node@npm:8.4.1"
  dependencies:
    arg: "npm:^4.1.0"
    diff: "npm:^4.0.1"
    make-error: "npm:^1.1.1"
    source-map-support: "npm:^0.5.6"
    yn: "npm:^3.0.0"
  peerDependencies:
    typescript: ">=2.0"
  bin:
    ts-node: dist/bin.js
  checksum: 34748fb6abffbd3c23a9f981dbac50347bd0082d75bfc6d8a6161026d081eaac25eec4d26e711cd81c638bbfd545198946455281f32fdb812be457587562acb6
  languageName: node
  linkType: hard

"tunnel-agent@npm:^0.6.0":
  version: 0.6.0
  resolution: "tunnel-agent@npm:0.6.0"
  dependencies:
    safe-buffer: "npm:^5.0.1"
  checksum: 42dde635e062df310cb74826836711913c410ab0141299ac9c06f311fc1d00624f0fbac442695fef06a800e0c7a498cb5532b2ad3ab6357baac47904896e1dde
  languageName: node
  linkType: hard

"tweetnacl@npm:^0.14.3, tweetnacl@npm:~0.14.0":
  version: 0.14.5
  resolution: "tweetnacl@npm:0.14.5"
  checksum: 8494c8d72852a438fc945a5b290af9e0aaa2f98491ee77022ae14845e403462e63e56379ba3ca917106a54b4007855586b174ad34d0c0ef740998e72e3ecdd60
  languageName: node
  linkType: hard

"typescript@npm:3.6.4":
  version: 3.6.4
  resolution: "typescript@npm:3.6.4"
  bin:
    tsc: ./bin/tsc
    tsserver: ./bin/tsserver
  checksum: 261beb88a53ac4b97eb66a2cce8be15edf7720b1661ad9d0223e0a3db06697a506c8941882ac49c577ec2e56ce596c71c268644f3ef9009df15baa4a66c3ccf0
  languageName: node
  linkType: hard

"uri-js@npm:^4.2.2":
  version: 4.2.2
  resolution: "uri-js@npm:4.2.2"
  dependencies:
    punycode: "npm:^2.1.0"
  checksum: a81e6af3f3e978391eadbc0425c786867f5ea519234ceece60aeda7d614fb3f025ff195f97a0900b8deb129996296b30b39993b4edce0d85c119833254f8836f
  languageName: node
  linkType: hard

"uuid@npm:^3.3.2":
  version: 3.3.3
  resolution: "uuid@npm:3.3.3"
  bin:
    uuid: ./bin/uuid
  checksum: 227cb611f439c53ac67a509cdc77b2c0da2a0d68145a6d98bb30da392c137f34b7484f49bb15c85b99f46398afe37275d42331bb83ec721300076c6fdde05136
  languageName: node
  linkType: hard

"verror@npm:1.10.0":
  version: 1.10.0
  resolution: "verror@npm:1.10.0"
  dependencies:
    assert-plus: "npm:^1.0.0"
    core-util-is: "npm:1.0.2"
    extsprintf: "npm:^1.2.0"
  checksum: e1632bbbd6b056ac26037da4ebe46ad9934625ad2945823ca7d83027cd9229da47a57347c1933961efd32a8f1ee0e8f099cf4658f1b83b85d3fabe8c813d7a96
  languageName: node
  linkType: hard

"which@npm:^1.2.9":
  version: 1.3.1
  resolution: "which@npm:1.3.1"
  dependencies:
    isexe: "npm:^2.0.0"
  bin:
    which: ./bin/which
  checksum: 8c639095289e694cbce93f17662e56f740ceafb8d73cdccf0d2b2968df0e8b9c8ddf16f44711d1d5a5efe4d2091cb3ca06d1afa2db359df48588a71a4b60d0c6
  languageName: node
  linkType: hard

"yn@npm:^3.0.0":
  version: 3.1.1
  resolution: "yn@npm:3.1.1"
  checksum: e06491e44f4f86b1ff20cb1105ae34c7a72fbf0128eb88210f40744ae70812dc2225553edc3b180ac820529e3da1446abff51f687717ae2878dd5ab060c7df1f
  languageName: node
  linkType: hard
